
Microsoft Visual Studio Solution File, Format Version 12.00
# Visual Studio Version 16
VisualStudioVersion = 16.0.29926.136
MinimumVisualStudioVersion = 10.0.40219.1
Project("{FAE04EC0-301F-11D3-BF4B-00C04F79EFBC}") = "Genix.Web", "Genix.Web\Genix.Web.csproj", "{E75E8B54-D3F6-4539-9D25-CDCA63081E10}"
EndProject
Project("{2150E333-8FDC-42A3-9474-1A3956D46DE8}") = "Libraries", "Libraries", "{C1EA9B45-F653-4074-8132-1D6C80B13E20}"
EndProject
Project("{2150E333-8FDC-42A3-9474-1A3956D46DE8}") = "Presentation", "Presentation", "{97238729-8F32-4AB5-9209-20EF551AD5DD}"
EndProject
Project("{FAE04EC0-301F-11D3-BF4B-00C04F79EFBC}") = "Genix.Data", "Genix.Data\Genix.Data.csproj", "{85F4271C-47C8-4E0C-9F7B-4FBDD4F6947F}"
EndProject
Project("{FAE04EC0-301F-11D3-BF4B-00C04F79EFBC}") = "Genix.Core", "Genix.Core\Genix.Core.csproj", "{FFE14840-DCB3-4C87-9B04-CB86FD7A9B4D}"
EndProject
Project("{FAE04EC0-301F-11D3-BF4B-00C04F79EFBC}") = "Genix.Services", "Genix.Services\Genix.Services.csproj", "{60783D85-15BB-4303-BFFE-5CB2708B877C}"
EndProject
Global
	GlobalSection(SolutionConfigurationPlatforms) = preSolution
		Debug|Any CPU = Debug|Any CPU
		Release|Any CPU = Release|Any CPU
	EndGlobalSection
	GlobalSection(ProjectConfigurationPlatforms) = postSolution
		{E75E8B54-D3F6-4539-9D25-CDCA63081E10}.Debug|Any CPU.ActiveCfg = Debug|Any CPU
		{E75E8B54-D3F6-4539-9D25-CDCA63081E10}.Debug|Any CPU.Build.0 = Debug|Any CPU
		{E75E8B54-D3F6-4539-9D25-CDCA63081E10}.Release|Any CPU.ActiveCfg = Release|Any CPU
		{E75E8B54-D3F6-4539-9D25-CDCA63081E10}.Release|Any CPU.Build.0 = Release|Any CPU
		{85F4271C-47C8-4E0C-9F7B-4FBDD4F6947F}.Debug|Any CPU.ActiveCfg = Debug|Any CPU
		{85F4271C-47C8-4E0C-9F7B-4FBDD4F6947F}.Debug|Any CPU.Build.0 = Debug|Any CPU
		{85F4271C-47C8-4E0C-9F7B-4FBDD4F6947F}.Release|Any CPU.ActiveCfg = Release|Any CPU
		{85F4271C-47C8-4E0C-9F7B-4FBDD4F6947F}.Release|Any CPU.Build.0 = Release|Any CPU
		{FFE14840-DCB3-4C87-9B04-CB86FD7A9B4D}.Debug|Any CPU.ActiveCfg = Debug|Any CPU
		{FFE14840-DCB3-4C87-9B04-CB86FD7A9B4D}.Debug|Any CPU.Build.0 = Debug|Any CPU
		{FFE14840-DCB3-4C87-9B04-CB86FD7A9B4D}.Release|Any CPU.ActiveCfg = Release|Any CPU
		{FFE14840-DCB3-4C87-9B04-CB86FD7A9B4D}.Release|Any CPU.Build.0 = Release|Any CPU
		{60783D85-15BB-4303-BFFE-5CB2708B877C}.Debug|Any CPU.ActiveCfg = Debug|Any CPU
		{60783D85-15BB-4303-BFFE-5CB2708B877C}.Debug|Any CPU.Build.0 = Debug|Any CPU
		{60783D85-15BB-4303-BFFE-5CB2708B877C}.Release|Any CPU.ActiveCfg = Release|Any CPU
		{60783D85-15BB-4303-BFFE-5CB2708B877C}.Release|Any CPU.Build.0 = Release|Any CPU
	EndGlobalSection
	GlobalSection(SolutionProperties) = preSolution
		HideSolutionNode = FALSE
	EndGlobalSection
	GlobalSection(NestedProjects) = preSolution
		{E75E8B54-D3F6-4539-9D25-CDCA63081E10} = {97238729-8F32-4AB5-9209-20EF551AD5DD}
		{85F4271C-47C8-4E0C-9F7B-4FBDD4F6947F} = {C1EA9B45-F653-4074-8132-1D6C80B13E20}
		{FFE14840-DCB3-4C87-9B04-CB86FD7A9B4D} = {C1EA9B45-F653-4074-8132-1D6C80B13E20}
		{60783D85-15BB-4303-BFFE-5CB2708B877C} = {C1EA9B45-F653-4074-8132-1D6C80B13E20}
	EndGlobalSection
	GlobalSection(ExtensibilityGlobals) = postSolution
		SolutionGuid = {BC19A589-365C-4D60-AD81-1B93231F0E70}
	EndGlobalSection
EndGlobal
